// !$*UTF8*$!
{
	archiveVersion = 1;
	classes = {
	};
	objectVersion = 46;
	objects = {

/* Begin PBXBuildFile section */
		D88779F51D51D8A000EF3BA5 /* main.m in Sources */ = {isa = PBXBuildFile; fileRef = D88779F41D51D8A000EF3BA5 /* main.m */; };
		D88779F81D51D8A000EF3BA5 /* AppDelegate.m in Sources */ = {isa = PBXBuildFile; fileRef = D88779F71D51D8A000EF3BA5 /* AppDelegate.m */; };
		D88779FB1D51D8A000EF3BA5 /* ViewController.m in Sources */ = {isa = PBXBuildFile; fileRef = D88779FA1D51D8A000EF3BA5 /* ViewController.m */; };
		D88779FE1D51D8A000EF3BA5 /* Main.storyboard in Resources */ = {isa = PBXBuildFile; fileRef = D88779FC1D51D8A000EF3BA5 /* Main.storyboard */; };
		D8877A001D51D8A000EF3BA5 /* Assets.xcassets in Resources */ = {isa = PBXBuildFile; fileRef = D88779FF1D51D8A000EF3BA5 /* Assets.xcassets */; };
		D8877A031D51D8A000EF3BA5 /* LaunchScreen.storyboard in Resources */ = {isa = PBXBuildFile; fileRef = D8877A011D51D8A000EF3BA5 /* LaunchScreen.storyboard */; };
		D8877A0E1D51D8A000EF3BA5 /* ___Tests.m in Sources */ = {isa = PBXBuildFile; fileRef = D8877A0D1D51D8A000EF3BA5 /* ___Tests.m */; };
		D8877A191D51D8A000EF3BA5 /* ___UITests.m in Sources */ = {isa = PBXBuildFile; fileRef = D8877A181D51D8A000EF3BA5 /* ___UITests.m */; };
/* End PBXBuildFile section */

/* Begin PBXContainerItemProxy section */
		D8877A0A1D51D8A000EF3BA5 /* PBXContainerItemProxy */ = {
			isa = PBXContainerItemProxy;
			containerPortal = D88779E81D51D8A000EF3BA5 /* Project object */;
			proxyType = 1;
			remoteGlobalIDString = D88779EF1D51D8A000EF3BA5;
			remoteInfo = "跑马灯";
		};
		D8877A151D51D8A000EF3BA5 /* PBXContainerItemProxy */ = {
			isa = PBXContainerItemProxy;
			containerPortal = D88779E81D51D8A000EF3BA5 /* Project object */;
			proxyType = 1;
			remoteGlobalIDString = D88779EF1D51D8A000EF3BA5;
			remoteInfo = "跑马灯";
		};
/* End PBXContainerItemProxy section */

/* Begin PBXFileReference section */
		D88779F01D51D8A000EF3BA5 /* 跑马灯.app */ = {isa = PBXFileReference; explicitFileType = wrapper.application; includeInIndex = 0; path = "跑马灯.app"; sourceTree = BUILT_PRODUCTS_DIR; };
		D88779F41D51D8A000EF3BA5 /* main.m */ = {isa = PBXFileReference; lastKnownFileType = sourcecode.c.objc; path = main.m; sourceTree = "<group>"; };
		D88779F61D51D8A000EF3BA5 /* AppDelegate.h */ = {isa = PBXFileReference; lastKnownFileType = sourcecode.c.h; path = AppDelegate.h; sourceTree = "<group>"; };
		D88779F71D51D8A000EF3BA5 /* AppDelegate.m */ = {isa = PBXFileReference; lastKnownFileType = sourcecode.c.objc; path = AppDelegate.m; sourceTree = "<group>"; };
		D88779F91D51D8A000EF3BA5 /* ViewController.h */ = {isa = PBXFileReference; lastKnownFileType = sourcecode.c.h; path = ViewController.h; sourceTree = "<group>"; };
		D88779FA1D51D8A000EF3BA5 /* ViewController.m */ = {isa = PBXFileReference; lastKnownFileType = sourcecode.c.objc; path = ViewController.m; sourceTree = "<group>"; };
		D88779FD1D51D8A000EF3BA5 /* Base */ = {isa = PBXFileReference; lastKnownFileType = file.storyboard; name = Base; path = Base.lproj/Main.storyboard; sourceTree = "<group>"; };
		D88779FF1D51D8A000EF3BA5 /* Assets.xcassets */ = {isa = PBXFileReference; lastKnownFileType = folder.assetcatalog; path = Assets.xcassets; sourceTree = "<group>"; };
		D8877A021D51D8A000EF3BA5 /* Base */ = {isa = PBXFileReference; lastKnownFileType = file.storyboard; name = Base; path = Base.lproj/LaunchScreen.storyboard; sourceTree = "<group>"; };
		D8877A041D51D8A000EF3BA5 /* Info.plist */ = {isa = PBXFileReference; lastKnownFileType = text.plist.xml; path = Info.plist; sourceTree = "<group>"; };
		D8877A091D51D8A000EF3BA5 /* 跑马灯Tests.xctest */ = {isa = PBXFileReference; explicitFileType = wrapper.cfbundle; includeInIndex = 0; path = "跑马灯Tests.xctest"; sourceTree = BUILT_PRODUCTS_DIR; };
		D8877A0D1D51D8A000EF3BA5 /* ___Tests.m */ = {isa = PBXFileReference; lastKnownFileType = sourcecode.c.objc; path = "___Tests.m"; sourceTree = "<group>"; };
		D8877A0F1D51D8A000EF3BA5 /* Info.plist */ = {isa = PBXFileReference; lastKnownFileType = text.plist.xml; path = Info.plist; sourceTree = "<group>"; };
		D8877A141D51D8A000EF3BA5 /* 跑马灯UITests.xctest */ = {isa = PBXFileReference; explicitFileType = wrapper.cfbundle; includeInIndex = 0; path = "跑马灯UITests.xctest"; sourceTree = BUILT_PRODUCTS_DIR; };
		D8877A181D51D8A000EF3BA5 /* ___UITests.m */ = {isa = PBXFileReference; lastKnownFileType = sourcecode.c.objc; path = "___UITests.m"; sourceTree = "<group>"; };
		D8877A1A1D51D8A000EF3BA5 /* Info.plist */ = {isa = PBXFileReference; lastKnownFileType = text.plist.xml; path = Info.plist; sourceTree = "<group>"; };
/* End PBXFileReference section */

/* Begin PBXFrameworksBuildPhase section */
		D88779ED1D51D8A000EF3BA5 /* Frameworks */ = {
			isa = PBXFrameworksBuildPhase;
			buildActionMask = 2147483647;
			files = (
			);
			runOnlyForDeploymentPostprocessing = 0;
		};
		D8877A061D51D8A000EF3BA5 /* Frameworks */ = {
			isa = PBXFrameworksBuildPhase;
			buildActionMask = 2147483647;
			files = (
			);
			runOnlyForDeploymentPostprocessing = 0;
		};
		D8877A111D51D8A000EF3BA5 /* Frameworks */ = {
			isa = PBXFrameworksBuildPhase;
			buildActionMask = 2147483647;
			files = (
			);
			runOnlyForDeploymentPostprocessing = 0;
		};
/* End PBXFrameworksBuildPhase section */

/* Begin PBXGroup section */
		D88779E71D51D8A000EF3BA5 = {
			isa = PBXGroup;
			children = (
				D88779F21D51D8A000EF3BA5 /* 跑马灯 */,
				D8877A0C1D51D8A000EF3BA5 /* 跑马灯Tests */,
				D8877A171D51D8A000EF3BA5 /* 跑马灯UITests */,
				D88779F11D51D8A000EF3BA5 /* Products */,
			);
			sourceTree = "<group>";
		};
		D88779F11D51D8A000EF3BA5 /* Products */ = {
			isa = PBXGroup;
			children = (
				D88779F01D51D8A000EF3BA5 /* 跑马灯.app */,
				D8877A091D51D8A000EF3BA5 /* 跑马灯Tests.xctest */,
				D8877A141D51D8A000EF3BA5 /* 跑马灯UITests.xctest */,
			);
			name = Products;
			sourceTree = "<group>";
		};
		D88779F21D51D8A000EF3BA5 /* 跑马灯 */ = {
			isa = PBXGroup;
			children = (
				D88779F61D51D8A000EF3BA5 /* AppDelegate.h */,
				D88779F71D51D8A000EF3BA5 /* AppDelegate.m */,
				D88779F91D51D8A000EF3BA5 /* ViewController.h */,
				D88779FA1D51D8A000EF3BA5 /* ViewController.m */,
				D88779FC1D51D8A000EF3BA5 /* Main.storyboard */,
				D88779FF1D51D8A000EF3BA5 /* Assets.xcassets */,
				D8877A011D51D8A000EF3BA5 /* LaunchScreen.storyboard */,
				D8877A041D51D8A000EF3BA5 /* Info.plist */,
				D88779F31D51D8A000EF3BA5 /* Supporting Files */,
			);
			path = "跑马灯";
			sourceTree = "<group>";
		};
		D88779F31D51D8A000EF3BA5 /* Supporting Files */ = {
			isa = PBXGroup;
			children = (
				D88779F41D51D8A000EF3BA5 /* main.m */,
			);
			name = "Supporting Files";
			sourceTree = "<group>";
		};
		D8877A0C1D51D8A000EF3BA5 /* 跑马灯Tests */ = {
			isa = PBXGroup;
			children = (
				D8877A0D1D51D8A000EF3BA5 /* ___Tests.m */,
				D8877A0F1D51D8A000EF3BA5 /* Info.plist */,
			);
			path = "跑马灯Tests";
			sourceTree = "<group>";
		};
		D8877A171D51D8A000EF3BA5 /* 跑马灯UITests */ = {
			isa = PBXGroup;
			children = (
				D8877A181D51D8A000EF3BA5 /* ___UITests.m */,
				D8877A1A1D51D8A000EF3BA5 /* Info.plist */,
			);
			path = "跑马灯UITests";
			sourceTree = "<group>";
		};
/* End PBXGroup section */

/* Begin PBXNativeTarget section */
		D88779EF1D51D8A000EF3BA5 /* 跑马灯 */ = {
			isa = PBXNativeTarget;
			buildConfigurationList = D8877A1D1D51D8A000EF3BA5 /* Build configuration list for PBXNativeTarget "跑马灯" */;
			buildPhases = (
				D88779EC1D51D8A000EF3BA5 /* Sources */,
				D88779ED1D51D8A000EF3BA5 /* Frameworks */,
				D88779EE1D51D8A000EF3BA5 /* Resources */,
			);
			buildRules = (
			);
			dependencies = (
			);
			name = "跑马灯";
			productName = "跑马灯";
			productReference = D88779F01D51D8A000EF3BA5 /* 跑马灯.app */;
			productType = "com.apple.product-type.application";
		};
		D8877A081D51D8A000EF3BA5 /* 跑马灯Tests */ = {
			isa = PBXNativeTarget;
			buildConfigurationList = D8877A201D51D8A000EF3BA5 /* Build configuration list for PBXNativeTarget "跑马灯Tests" */;
			buildPhases = (
				D8877A051D51D8A000EF3BA5 /* Sources */,
				D8877A061D51D8A000EF3BA5 /* Frameworks */,
				D8877A071D51D8A000EF3BA5 /* Resources */,
			);
			buildRules = (
			);
			dependencies = (
				D8877A0B1D51D8A000EF3BA5 /* PBXTargetDependency */,
			);
			name = "跑马灯Tests";
			productName = "跑马灯Tests";
			productReference = D8877A091D51D8A000EF3BA5 /* 跑马灯Tests.xctest */;
			productType = "com.apple.product-type.bundle.unit-test";
		};
		D8877A131D51D8A000EF3BA5 /* 跑马灯UITests */ = {
			isa = PBXNativeTarget;
			buildConfigurationList = D8877A231D51D8A000EF3BA5 /* Build configuration list for PBXNativeTarget "跑马灯UITests" */;
			buildPhases = (
				D8877A101D51D8A000EF3BA5 /* Sources */,
				D8877A111D51D8A000EF3BA5 /* Frameworks */,
				D8877A121D51D8A000EF3BA5 /* Resources */,
			);
			buildRules = (
			);
			dependencies = (
				D8877A161D51D8A000EF3BA5 /* PBXTargetDependency */,
			);
			name = "跑马灯UITests";
			productName = "跑马灯UITests";
			productReference = D8877A141D51D8A000EF3BA5 /* 跑马灯UITests.xctest */;
			productType = "com.apple.product-type.bundle.ui-testing";
		};
/* End PBXNativeTarget section */

/* Begin PBXProject section */
		D88779E81D51D8A000EF3BA5 /* Project object */ = {
			isa = PBXProject;
			attributes = {
				LastUpgradeCheck = 0730;
				ORGANIZATIONNAME = "许大成";
				TargetAttributes = {
					D88779EF1D51D8A000EF3BA5 = {
						CreatedOnToolsVersion = 7.3.1;
						DevelopmentTeam = 54MPCG4PLY;
					};
					D8877A081D51D8A000EF3BA5 = {
						CreatedOnToolsVersion = 7.3.1;
						DevelopmentTeam = 54MPCG4PLY;
						TestTargetID = D88779EF1D51D8A000EF3BA5;
					};
					D8877A131D51D8A000EF3BA5 = {
						CreatedOnToolsVersion = 7.3.1;
						DevelopmentTeam = 54MPCG4PLY;
						TestTargetID = D88779EF1D51D8A000EF3BA5;
					};
				};
			};
			buildConfigurationList = D88779EB1D51D8A000EF3BA5 /* Build configuration list for PBXProject "跑马灯" */;
			compatibilityVersion = "Xcode 3.2";
			developmentRegion = English;
			hasScannedForEncodings = 0;
			knownRegions = (
				en,
				Base,
			);
			mainGroup = D88779E71D51D8A000EF3BA5;
			productRefGroup = D88779F11D51D8A000EF3BA5 /* Products */;
			projectDirPath = "";
			projectRoot = "";
			targets = (
				D88779EF1D51D8A000EF3BA5 /* 跑马灯 */,
				D8877A081D51D8A000EF3BA5 /* 跑马灯Tests */,
				D8877A131D51D8A000EF3BA5 /* 跑马灯UITests */,
			);
		};
/* End PBXProject section */

/* Begin PBXResourcesBuildPhase section */
		D88779EE1D51D8A000EF3BA5 /* Resources */ = {
			isa = PBXResourcesBuildPhase;
			buildActionMask = 2147483647;
			files = (
				D8877A031D51D8A000EF3BA5 /* LaunchScreen.storyboard in Resources */,
				D8877A001D51D8A000EF3BA5 /* Assets.xcassets in Resources */,
				D88779FE1D51D8A000EF3BA5 /* Main.storyboard in Resources */,
			);
			runOnlyForDeploymentPostprocessing = 0;
		};
		D8877A071D51D8A000EF3BA5 /* Resources */ = {
			isa = PBXResourcesBuildPhase;
			buildActionMask = 2147483647;
			files = (
			);
			runOnlyForDeploymentPostprocessing = 0;
		};
		D8877A121D51D8A000EF3BA5 /* Resources */ = {
			isa = PBXResourcesBuildPhase;
			buildActionMask = 2147483647;
			files = (
			);
			runOnlyForDeploymentPostprocessing = 0;
		};
/* End PBXResourcesBuildPhase section */

/* Begin PBXSourcesBuildPhase section */
		D88779EC1D51D8A000EF3BA5 /* Sources */ = {
			isa = PBXSourcesBuildPhase;
			buildActionMask = 2147483647;
			files = (
				D88779FB1D51D8A000EF3BA5 /* ViewController.m in Sources */,
				D88779F81D51D8A000EF3BA5 /* AppDelegate.m in Sources */,
				D88779F51D51D8A000EF3BA5 /* main.m in Sources */,
			);
			runOnlyForDeploymentPostprocessing = 0;
		};
		D8877A051D51D8A000EF3BA5 /* Sources */ = {
			isa = PBXSourcesBuildPhase;
			buildActionMask = 2147483647;
			files = (
				D8877A0E1D51D8A000EF3BA5 /* ___Tests.m in Sources */,
			);
			runOnlyForDeploymentPostprocessing = 0;
		};
		D8877A101D51D8A000EF3BA5 /* Sources */ = {
			isa = PBXSourcesBuildPhase;
			buildActionMask = 2147483647;
			files = (
				D8877A191D51D8A000EF3BA5 /* ___UITests.m in Sources */,
			);
			runOnlyForDeploymentPostprocessing = 0;
		};
/* End PBXSourcesBuildPhase section */

/* Begin PBXTargetDependency section */
		D8877A0B1D51D8A000EF3BA5 /* PBXTargetDependency */ = {
			isa = PBXTargetDependency;
			target = D88779EF1D51D8A000EF3BA5 /* 跑马灯 */;
			targetProxy = D8877A0A1D51D8A000EF3BA5 /* PBXContainerItemProxy */;
		};
		D8877A161D51D8A000EF3BA5 /* PBXTargetDependency */ = {
			isa = PBXTargetDependency;
			target = D88779EF1D51D8A000EF3BA5 /* 跑马灯 */;
			targetProxy = D8877A151D51D8A000EF3BA5 /* PBXContainerItemProxy */;
		};
/* End PBXTargetDependency section */

/* Begin PBXVariantGroup section */
		D88779FC1D51D8A000EF3BA5 /* Main.storyboard */ = {
			isa = PBXVariantGroup;
			children = (
				D88779FD1D51D8A000EF3BA5 /* Base */,
			);
			name = Main.storyboard;
			sourceTree = "<group>";
		};
		D8877A011D51D8A000EF3BA5 /* LaunchScreen.storyboard */ = {
			isa = PBXVariantGroup;
			children = (
				D8877A021D51D8A000EF3BA5 /* Base */,
			);
			name = LaunchScreen.storyboard;
			sourceTree = "<group>";
		};
/* End PBXVariantGroup section */

/* Begin XCBuildConfiguration section */
		D8877A1B1D51D8A000EF3BA5 /* Debug */ = {
			isa = XCBuildConfiguration;
			buildSettings = {
				ALWAYS_SEARCH_USER_PATHS = NO;
				CLANG_ANALYZER_NONNULL = YES;
				CLANG_CXX_LANGUAGE_STANDARD = "gnu++0x";
				CLANG_CXX_LIBRARY = "libc++";
				CLANG_ENABLE_MODULES = YES;
				CLANG_ENABLE_OBJC_ARC = YES;
				CLANG_WARN_BOOL_CONVERSION = YES;
				CLANG_WARN_CONSTANT_CONVERSION = YES;
				CLANG_WARN_DIRECT_OBJC_ISA_USAGE = YES_ERROR;
				CLANG_WARN_EMPTY_BODY = YES;
				CLANG_WARN_ENUM_CONVERSION = YES;
				CLANG_WARN_INT_CONVERSION = YES;
				CLANG_WARN_OBJC_ROOT_CLASS = YES_ERROR;
				CLANG_WARN_UNREACHABLE_CODE = YES;
				CLANG_WARN__DUPLICATE_METHOD_MATCH = YES;
				"CODE_SIGN_IDENTITY[sdk=iphoneos*]" = "iPhone Developer";
				COPY_PHASE_STRIP = NO;
				DEBUG_INFORMATION_FORMAT = dwarf;
				ENABLE_STRICT_OBJC_MSGSEND = YES;
				ENABLE_TESTABILITY = YES;
				GCC_C_LANGUAGE_STANDARD = gnu99;
				GCC_DYNAMIC_NO_PIC = NO;
				GCC_NO_COMMON_BLOCKS = YES;
				GCC_OPTIMIZATION_LEVEL = 0;
				GCC_PREPROCESSOR_DEFINITIONS = (
					"DEBUG=1",
					"$(inherited)",
				);
				GCC_WARN_64_TO_32_BIT_CONVERSION = YES;
				GCC_WARN_ABOUT_RETURN_TYPE = YES_ERROR;
				GCC_WARN_UNDECLARED_SELECTOR = YES;
				GCC_WARN_UNINITIALIZED_AUTOS = YES_AGGRESSIVE;
				GCC_WARN_UNUSED_FUNCTION = YES;
				GCC_WARN_UNUSED_VARIABLE = YES;
				IPHONEOS_DEPLOYMENT_TARGET = 9.3;
				MTL_ENABLE_DEBUG_INFO = YES;
				ONLY_ACTIVE_ARCH = YES;
				SDKROOT = iphoneos;
			};
			name = Debug;
		};
		D8877A1C1D51D8A000EF3BA5 /* Release */ = {
			isa = XCBuildConfiguration;
			buildSettings = {
				ALWAYS_SEARCH_USER_PATHS = NO;
				CLANG_ANALYZER_NONNULL = YES;
				CLANG_CXX_LANGUAGE_STANDARD = "gnu++0x";
				CLANG_CXX_LIBRARY = "libc++";
				CLANG_ENABLE_MODULES = YES;
				CLANG_ENABLE_OBJC_ARC = YES;
				CLANG_WARN_BOOL_CONVERSION = YES;
				CLANG_WARN_CONSTANT_CONVERSION = YES;
				CLANG_WARN_DIRECT_OBJC_ISA_USAGE = YES_ERROR;
				CLANG_WARN_EMPTY_BODY = YES;
				CLANG_WARN_ENUM_CONVERSION = YES;
				CLANG_WARN_INT_CONVERSION = YES;
				CLANG_WARN_OBJC_ROOT_CLASS = YES_ERROR;
				CLANG_WARN_UNREACHABLE_CODE = YES;
				CLANG_WARN__DUPLICATE_METHOD_MATCH = YES;
				"CODE_SIGN_IDENTITY[sdk=iphoneos*]" = "iPhone Developer";
				COPY_PHASE_STRIP = NO;
				DEBUG_INFORMATION_FORMAT = "dwarf-with-dsym";
				ENABLE_NS_ASSERTIONS = NO;
				ENABLE_STRICT_OBJC_MSGSEND = YES;
				GCC_C_LANGUAGE_STANDARD = gnu99;
				GCC_NO_COMMON_BLOCKS = YES;
				GCC_WARN_64_TO_32_BIT_CONVERSION = YES;
				GCC_WARN_ABOUT_RETURN_TYPE = YES_ERROR;
				GCC_WARN_UNDECLARED_SELECTOR = YES;
				GCC_WARN_UNINITIALIZED_AUTOS = YES_AGGRESSIVE;
				GCC_WARN_UNUSED_FUNCTION = YES;
				GCC_WARN_UNUSED_VARIABLE = YES;
				IPHONEOS_DEPLOYMENT_TARGET = 9.3;
				MTL_ENABLE_DEBUG_INFO = NO;
				SDKROOT = iphoneos;
				VALIDATE_PRODUCT = YES;
			};
			name = Release;
		};
		D8877A1E1D51D8A000EF3BA5 /* Debug */ = {
			isa = XCBuildConfiguration;
			buildSettings = {
				ASSETCATALOG_COMPILER_APPICON_NAME = AppIcon;
				INFOPLIST_FILE = "跑马灯/Info.plist";
				LD_RUNPATH_SEARCH_PATHS = "$(inherited) @executable_path/Frameworks";
				PRODUCT_BUNDLE_IDENTIFIER = "com.xudacheng-tomous.---";
				PRODUCT_NAME = "$(TARGET_NAME)";
			};
			name = Debug;
		};
		D8877A1F1D51D8A000EF3BA5 /* Release */ = {
			isa = XCBuildConfiguration;
			buildSettings = {
				ASSETCATALOG_COMPILER_APPICON_NAME = AppIcon;
				INFOPLIST_FILE = "跑马灯/Info.plist";
				LD_RUNPATH_SEARCH_PATHS = "$(inherited) @executable_path/Frameworks";
				PRODUCT_BUNDLE_IDENTIFIER = "com.xudacheng-tomous.---";
				PRODUCT_NAME = "$(TARGET_NAME)";
			};
			name = Release;
		};
		D8877A211D51D8A000EF3BA5 /* Debug */ = {
			isa = XCBuildConfiguration;
			buildSettings = {
				BUNDLE_LOADER = "$(TEST_HOST)";
				INFOPLIST_FILE = "跑马灯Tests/Info.plist";
				LD_RUNPATH_SEARCH_PATHS = "$(inherited) @executable_path/Frameworks @loader_path/Frameworks";
				PRODUCT_BUNDLE_IDENTIFIER = "com.xudacheng-tomous.---Tests";
				PRODUCT_NAME = "$(TARGET_NAME)";
				TEST_HOST = "$(BUILT_PRODUCTS_DIR)/跑马灯.app/跑马灯";
			};
			name = Debug;
		};
		D8877A221D51D8A000EF3BA5 /* Release */ = {
			isa = XCBuildConfiguration;
			buildSettings = {
				BUNDLE_LOADER = "$(TEST_HOST)";
				INFOPLIST_FILE = "跑马灯Tests/Info.plist";
				LD_RUNPATH_SEARCH_PATHS = "$(inherited) @executable_path/Frameworks @loader_path/Frameworks";
				PRODUCT_BUNDLE_IDENTIFIER = "com.xudacheng-tomous.---Tests";
				PRODUCT_NAME = "$(TARGET_NAME)";
				TEST_HOST = "$(BUILT_PRODUCTS_DIR)/跑马灯.app/跑马灯";
			};
			name = Release;
		};
		D8877A241D51D8A000EF3BA5 /* Debug */ = {
			isa = XCBuildConfiguration;
			buildSettings = {
				INFOPLIST_FILE = "跑马灯UITests/Info.plist";
				LD_RUNPATH_SEARCH_PATHS = "$(inherited) @executable_path/Frameworks @loader_path/Frameworks";
				PRODUCT_BUNDLE_IDENTIFIER = "com.xudacheng-tomous.---UITests";
				PRODUCT_NAME = "$(TARGET_NAME)";
				TEST_TARGET_NAME = "跑马灯";
			};
			name = Debug;
		};
		D8877A251D51D8A000EF3BA5 /* Release */ = {
			isa = XCBuildConfiguration;
			buildSettings = {
				INFOPLIST_FILE = "跑马灯UITests/Info.plist";
				LD_RUNPATH_SEARCH_PATHS = "$(inherited) @executable_path/Frameworks @loader_path/Frameworks";
				PRODUCT_BUNDLE_IDENTIFIER = "com.xudacheng-tomous.---UITests";
				PRODUCT_NAME = "$(TARGET_NAME)";
				TEST_TARGET_NAME = "跑马灯";
			};
			name = Release;
		};
/* End XCBuildConfiguration section */

/* Begin XCConfigurationList section */
		D88779EB1D51D8A000EF3BA5 /* Build configuration list for PBXProject "跑马灯" */ = {
			isa = XCConfigurationList;
			buildConfigurations = (
				D8877A1B1D51D8A000EF3BA5 /* Debug */,
				D8877A1C1D51D8A000EF3BA5 /* Release */,
			);
			defaultConfigurationIsVisible = 0;
			defaultConfigurationName = Release;
		};
		D8877A1D1D51D8A000EF3BA5 /* Build configuration list for PBXNativeTarget "跑马灯" */ = {
			isa = XCConfigurationList;
			buildConfigurations = (
				D8877A1E1D51D8A000EF3BA5 /* Debug */,
				D8877A1F1D51D8A000EF3BA5 /* Release */,
			);
			defaultConfigurationIsVisible = 0;
		};
		D8877A201D51D8A000EF3BA5 /* Build configuration list for PBXNativeTarget "跑马灯Tests" */ = {
			isa = XCConfigurationList;
			buildConfigurations = (
				D8877A211D51D8A000EF3BA5 /* Debug */,
				D8877A221D51D8A000EF3BA5 /* Release */,
			);
			defaultConfigurationIsVisible = 0;
		};
		D8877A231D51D8A000EF3BA5 /* Build configuration list for PBXNativeTarget "跑马灯UITests" */ = {
			isa = XCConfigurationList;
			buildConfigurations = (
				D8877A241D51D8A000EF3BA5 /* Debug */,
				D8877A251D51D8A000EF3BA5 /* Release */,
			);
			defaultConfigurationIsVisible = 0;
		};
/* End XCConfigurationList section */
	};
	rootObject = D88779E81D51D8A000EF3BA5 /* Project object */;
}
